{
  "name": "@sosus/api",
  "version": "0.0.0",
  "lockfileVersion": 1,
  "requires": true,
  "dependencies": {
    "@types/node": {
      "version": "13.1.5",
      "resolved": "https://registry.npmjs.org/@types/node/-/node-13.1.5.tgz",
      "integrity": "sha512-wupvfmtbqRJzjCm1H2diy7wo31Gn1OzvqoxCfQuKM9eSecogzP0WTlrjdq7cf7jgSO2ZX6hxwgRPR8Wt7FA22g==",
      "dev": true
    }
  }
}
