{
  "dependencies": {
    "@types/debug": {
      "dev": true,
      "integrity": "sha512-Q1y515GcOdTHgagaVFhHnIFQ38ygs/kmxdNpvpou+raI9UO3YZcHDngBSYKQklcKlvA7iuQlmIKbzvmxcOE9CQ==",
      "resolved": "https://registry.npmjs.org/@types/debug/-/debug-4.1.5.tgz",
      "version": "4.1.5"
    },
    "@types/node": {
      "dev": true,
      "integrity": "sha512-Jg1F+bmxcpENHP23sVKkNuU3uaxPnsBMW0cLjleiikFKomJQbsn0Cqk2yDvQArqzZN6ABfBkZ0To7pQ8sLdWDg==",
      "resolved": "https://registry.npmjs.org/@types/node/-/node-13.1.6.tgz",
      "version": "13.1.6"
    },
    "@types/node-fetch": {
      "dev": true,
      "integrity": "sha512-Oz6id++2qAOFuOlE1j0ouk1dzl3mmI1+qINPNBhi9nt/gVOz0G+13Ao6qjhdF0Ys+eOkhu6JnFmt38bR3H0POQ==",
      "requires": {
        "@types/node": "*"
      },
      "resolved": "https://registry.npmjs.org/@types/node-fetch/-/node-fetch-2.5.4.tgz",
      "version": "2.5.4"
    },
    "@types/pouchdb-core": {
      "dev": true,
      "integrity": "sha512-jTR9Yy0a7cNn0+zhwPQF0mQywC9fHD1cKLNwlCF/NX5EQLS7FN4R55gbo3CgcNJ3Gu59EJd4nkA9RzR66zwKRw==",
      "requires": {
        "@types/debug": "*",
        "@types/node-fetch": "*",
        "@types/pouchdb-find": "*"
      },
      "resolved": "https://registry.npmjs.org/@types/pouchdb-core/-/pouchdb-core-7.0.5.tgz",
      "version": "7.0.5"
    },
    "@types/pouchdb-find": {
      "dev": true,
      "integrity": "sha512-yT959pA3JgQns4Z9mlmuuUd6kEg7mSgRnF+XVN/EjFjuhZjKgR79+ia2R/UtUPKLtsm63IX6uHZFSPvkDhU/rA==",
      "requires": {
        "@types/pouchdb-core": "*"
      },
      "resolved": "https://registry.npmjs.org/@types/pouchdb-find/-/pouchdb-find-6.3.4.tgz",
      "version": "6.3.4"
    },
    "argsarray": {
      "integrity": "sha1-bnIHtOzbObCviDA/pa4ivajfYcs=",
      "resolved": "https://registry.npmjs.org/argsarray/-/argsarray-0.0.1.tgz",
      "version": "0.0.1"
    },
    "buffer-from": {
      "integrity": "sha512-c5mRlguI/Pe2dSZmpER62rSCu0ryKmWddzRYsuXc50U2/g8jMOulc31VZMa4mYx31U5xsmSOpDCgH88Vl9cDGQ==",
      "resolved": "https://registry.npmjs.org/buffer-from/-/buffer-from-1.1.0.tgz",
      "version": "1.1.0"
    },
    "clone-buffer": {
      "integrity": "sha1-4+JbIHrE5wGvch4staFnksrD3Fg=",
      "resolved": "https://registry.npmjs.org/clone-buffer/-/clone-buffer-1.0.0.tgz",
      "version": "1.0.0"
    },
    "es6-denodeify": {
      "integrity": "sha1-MdTV/pxVA+ElRgQ5MQ4WoqPznB8=",
      "resolved": "https://registry.npmjs.org/es6-denodeify/-/es6-denodeify-0.1.5.tgz",
      "version": "0.1.5"
    },
    "fetch-cookie": {
      "integrity": "sha512-Mm5pGlT3agW6t71xVM7vMZPIvI7T4FaTuFW4jari6dVzYHFDb3WZZsGpN22r/o3XMdkM0E7sPd1EGeyVbH2Tgg==",
      "requires": {
        "es6-denodeify": "^0.1.1",
        "tough-cookie": "^2.3.1"
      },
      "resolved": "https://registry.npmjs.org/fetch-cookie/-/fetch-cookie-0.7.0.tgz",
      "version": "0.7.0"
    },
    "immediate": {
      "integrity": "sha1-nbHb0Pr43m++D13V5Wu2BigN5ps=",
      "resolved": "https://registry.npmjs.org/immediate/-/immediate-3.0.6.tgz",
      "version": "3.0.6"
    },
    "inherits": {
      "integrity": "sha1-Yzwsg+PaQqUC9SRmAiSA9CCCYd4=",
      "resolved": "https://registry.npmjs.org/inherits/-/inherits-2.0.3.tgz",
      "version": "2.0.3"
    },
    "node-fetch": {
      "integrity": "sha512-P9UbpFK87NyqBZzUuDBDz4f6Yiys8xm8j7ACDbi6usvFm6KItklQUKjeoqTrYS/S1k6I8oaOC2YLLDr/gg26Mw==",
      "resolved": "https://registry.npmjs.org/node-fetch/-/node-fetch-2.4.1.tgz",
      "version": "2.4.1"
    },
    "pouchdb-binary-utils": {
      "integrity": "sha512-DSN6AW59ycCR97JBMSGmVEfWxAEO4KzdDR6wZzCpQmT3H2Bvtv18dmKaoWnm8nAZQiXQQjgHBipRH4MlxY21zQ==",
      "requires": {
        "buffer-from": "1.1.0"
      },
      "resolved": "https://registry.npmjs.org/pouchdb-binary-utils/-/pouchdb-binary-utils-7.1.1.tgz",
      "version": "7.1.1"
    },
    "pouchdb-changes-filter": {
      "integrity": "sha512-rMdnIbQhkTbfHpOkML3AUEood7N0xfpD3CIDavmqS0BQAScOjVbOvb43uGhsUY1J4FF7QsOK8q/j/E0ODzk/Wg==",
      "requires": {
        "pouchdb-errors": "7.1.1",
        "pouchdb-selector-core": "7.1.1",
        "pouchdb-utils": "7.1.1"
      },
      "resolved": "https://registry.npmjs.org/pouchdb-changes-filter/-/pouchdb-changes-filter-7.1.1.tgz",
      "version": "7.1.1"
    },
    "pouchdb-collate": {
      "integrity": "sha512-RNe44kHV96AHU22mJHwNX+JkpR5HnJsQdfn+15otq/TZk6GYbVl7LeDgkyZS6BILq6Ms3gzeimpHUP21xswejA==",
      "resolved": "https://registry.npmjs.org/pouchdb-collate/-/pouchdb-collate-7.1.1.tgz",
      "version": "7.1.1"
    },
    "pouchdb-collections": {
      "integrity": "sha512-Iwdv74+H8tSc9cM7co0X4eJQglaPp+uIX7qjzK5MIeZThUHNcJQxOC92qGK1qE3Z2feAD5LxhXEIYDia/lB8pw==",
      "resolved": "https://registry.npmjs.org/pouchdb-collections/-/pouchdb-collections-7.1.1.tgz",
      "version": "7.1.1"
    },
    "pouchdb-core": {
      "integrity": "sha512-q0K7SRpqbNQ4f3cMNXVon8mQz3/mWFaywoyw8uMQ7cxtXaItXM8KBw6aZ8cCKNfqC9B1CxvVuo1V3H7+Y/bX+Q==",
      "requires": {
        "argsarray": "0.0.1",
        "inherits": "2.0.3",
        "pouchdb-changes-filter": "7.1.1",
        "pouchdb-collections": "7.1.1",
        "pouchdb-errors": "7.1.1",
        "pouchdb-fetch": "7.1.1",
        "pouchdb-merge": "7.1.1",
        "pouchdb-utils": "7.1.1"
      },
      "resolved": "https://registry.npmjs.org/pouchdb-core/-/pouchdb-core-7.1.1.tgz",
      "version": "7.1.1"
    },
    "pouchdb-errors": {
      "integrity": "sha512-A5VC4pzvNNfdldj4QqiygHfokTbjM0O5FiNzyun0LUQIJ+o5xFHMINfP3hmJ8HFTHI3mRNUul7Qjdu3Spzm4vg==",
      "requires": {
        "inherits": "2.0.3"
      },
      "resolved": "https://registry.npmjs.org/pouchdb-errors/-/pouchdb-errors-7.1.1.tgz",
      "version": "7.1.1"
    },
    "pouchdb-fetch": {
      "integrity": "sha512-2N8rX/Do+YXnAR9UfuZBq1LJpGcd+6qmfp+5jD7PmAReGcQUvTEtSzheUy7Y6xiEGnr+0V5m7EinjlgtNuSo9A==",
      "requires": {
        "fetch-cookie": "0.7.0",
        "node-fetch": "2.4.1"
      },
      "resolved": "https://registry.npmjs.org/pouchdb-fetch/-/pouchdb-fetch-7.1.1.tgz",
      "version": "7.1.1"
    },
    "pouchdb-md5": {
      "integrity": "sha512-XzuDBoOEcviP8yv5R0ruuPpZDBtpohtbVg1dLU52WbPMLvU5YK/yy8mJxggbvolG+iNMDde1IfubY3NNflFuPQ==",
      "requires": {
        "pouchdb-binary-utils": "7.1.1",
        "spark-md5": "3.0.0"
      },
      "resolved": "https://registry.npmjs.org/pouchdb-md5/-/pouchdb-md5-7.1.1.tgz",
      "version": "7.1.1"
    },
    "pouchdb-merge": {
      "integrity": "sha512-xKeroVdpsTdtgsJNBgpzZxCkKd/DdzNavw/QyQIcG0TR3lSVgcTvAQeliI3fDiiUkPPn9uerxVsaOnowmbe2hQ==",
      "resolved": "https://registry.npmjs.org/pouchdb-merge/-/pouchdb-merge-7.1.1.tgz",
      "version": "7.1.1"
    },
    "pouchdb-selector-core": {
      "integrity": "sha512-3bNdVwFrVSHuOS2pleKFqa5UODLrxEXQVzO6z9deWwVB1VAb9tIA60031GUrNrIg3D3vKXjVDCvpexT1SDSh9Q==",
      "requires": {
        "pouchdb-collate": "7.1.1",
        "pouchdb-utils": "7.1.1"
      },
      "resolved": "https://registry.npmjs.org/pouchdb-selector-core/-/pouchdb-selector-core-7.1.1.tgz",
      "version": "7.1.1"
    },
    "pouchdb-utils": {
      "integrity": "sha512-a2c7JFOEy6kfdD3JuTOyH6oBLlPznpg32IBrRGf4sjmIfBRFdzTo/fvuxNyLf/d+q0/7Ec1M8xUfUVT+RkViAw==",
      "requires": {
        "argsarray": "0.0.1",
        "clone-buffer": "1.0.0",
        "immediate": "3.0.6",
        "inherits": "2.0.3",
        "pouchdb-collections": "7.1.1",
        "pouchdb-errors": "7.1.1",
        "pouchdb-md5": "7.1.1",
        "uuid": "3.2.1"
      },
      "resolved": "https://registry.npmjs.org/pouchdb-utils/-/pouchdb-utils-7.1.1.tgz",
      "version": "7.1.1"
    },
    "psl": {
      "integrity": "sha512-5NsSEDv8zY70ScRnOTn7bK7eanl2MvFrOrS/R6x+dBt5g1ghnj9Zv90kO8GwT8gxcu2ANyFprnFYB85IogIJOQ==",
      "resolved": "https://registry.npmjs.org/psl/-/psl-1.7.0.tgz",
      "version": "1.7.0"
    },
    "punycode": {
      "integrity": "sha512-XRsRjdf+j5ml+y/6GKHPZbrF/8p2Yga0JPtdqTIY2Xe5ohJPD9saDJJLPvp9+NSBprVvevdXZybnj2cv8OEd0A==",
      "resolved": "https://registry.npmjs.org/punycode/-/punycode-2.1.1.tgz",
      "version": "2.1.1"
    },
    "spark-md5": {
      "integrity": "sha1-NyIifFTi+vJLHcbZM8wUTm9xv+8=",
      "resolved": "https://registry.npmjs.org/spark-md5/-/spark-md5-3.0.0.tgz",
      "version": "3.0.0"
    },
    "tough-cookie": {
      "integrity": "sha512-nlLsUzgm1kfLXSXfRZMc1KLAugd4hqJHDTvc2hDIwS3mZAfMEuMbc03SujMF+GEcpaX/qboeycw6iO8JwVv2+g==",
      "requires": {
        "psl": "^1.1.28",
        "punycode": "^2.1.1"
      },
      "resolved": "https://registry.npmjs.org/tough-cookie/-/tough-cookie-2.5.0.tgz",
      "version": "2.5.0"
    },
    "uuid": {
      "integrity": "sha512-jZnMwlb9Iku/O3smGWvZhauCf6cvvpKi4BKRiliS3cxnI+Gz9j5MEpTz2UFuXiKPJocb7gnsLHwiS05ige5BEA==",
      "resolved": "https://registry.npmjs.org/uuid/-/uuid-3.2.1.tgz",
      "version": "3.2.1"
    }
  },
  "lockfileVersion": 1,
  "name": "@sosus/data-media",
  "requires": true,
  "version": "0.0.0"
}
