{
  "dependencies": {
    "@types/node": {
      "dev": true,
      "integrity": "sha512-Lue/mlp2egZJoHXZr4LndxDAd7i/7SQYhV0EjWfb/a4/OZ6tuVwMCVPiwkU5nsEipxEf7hmkSU7Em5VQ8P5NGA==",
      "resolved": "https://registry.npmjs.org/@types/node/-/node-13.1.4.tgz",
      "version": "13.1.4"
    }
  },
  "lockfileVersion": 1,
  "name": "@sosus/api",
  "requires": true,
  "version": "0.0.0"
}
